// !$*UTF8*$!
{
	archiveVersion = 1;
	classes = {
	};
	objectVersion = 46;
	objects = {

/* Begin PBXBuildFile section */
		FE386A721CA77C2C00FEAE54 /* main.m in Sources */ = {isa = PBXBuildFile; fileRef = FE386A711CA77C2C00FEAE54 /* main.m */; };
		FE386A751CA77C2C00FEAE54 /* AppDelegate.m in Sources */ = {isa = PBXBuildFile; fileRef = FE386A741CA77C2C00FEAE54 /* AppDelegate.m */; };
		FE386A781CA77C2C00FEAE54 /* ViewController.m in Sources */ = {isa = PBXBuildFile; fileRef = FE386A771CA77C2C00FEAE54 /* ViewController.m */; };
		FE386A7B1CA77C2C00FEAE54 /* Main.storyboard in Resources */ = {isa = PBXBuildFile; fileRef = FE386A791CA77C2C00FEAE54 /* Main.storyboard */; };
		FE386A7E1CA77C2C00FEAE54 /* Reachability.xcdatamodeld in Sources */ = {isa = PBXBuildFile; fileRef = FE386A7C1CA77C2C00FEAE54 /* Reachability.xcdatamodeld */; };
		FE386A801CA77C2C00FEAE54 /* Assets.xcassets in Resources */ = {isa = PBXBuildFile; fileRef = FE386A7F1CA77C2C00FEAE54 /* Assets.xcassets */; };
		FE386A831CA77C2C00FEAE54 /* LaunchScreen.storyboard in Resources */ = {isa = PBXBuildFile; fileRef = FE386A811CA77C2C00FEAE54 /* LaunchScreen.storyboard */; };
		FE386A8E1CA77C2C00FEAE54 /* ReachabilityTests.m in Sources */ = {isa = PBXBuildFile; fileRef = FE386A8D1CA77C2C00FEAE54 /* ReachabilityTests.m */; };
		FE386A991CA77C2C00FEAE54 /* ReachabilityUITests.m in Sources */ = {isa = PBXBuildFile; fileRef = FE386A981CA77C2C00FEAE54 /* ReachabilityUITests.m */; };
		FE386AA81CA77C3E00FEAE54 /* Reachability.m in Sources */ = {isa = PBXBuildFile; fileRef = FE386AA71CA77C3E00FEAE54 /* Reachability.m */; };
/* End PBXBuildFile section */

/* Begin PBXContainerItemProxy section */
		FE386A8A1CA77C2C00FEAE54 /* PBXContainerItemProxy */ = {
			isa = PBXContainerItemProxy;
			containerPortal = FE386A651CA77C2C00FEAE54 /* Project object */;
			proxyType = 1;
			remoteGlobalIDString = FE386A6C1CA77C2C00FEAE54;
			remoteInfo = Reachability;
		};
		FE386A951CA77C2C00FEAE54 /* PBXContainerItemProxy */ = {
			isa = PBXContainerItemProxy;
			containerPortal = FE386A651CA77C2C00FEAE54 /* Project object */;
			proxyType = 1;
			remoteGlobalIDString = FE386A6C1CA77C2C00FEAE54;
			remoteInfo = Reachability;
		};
/* End PBXContainerItemProxy section */

/* Begin PBXFileReference section */
		FE386A6D1CA77C2C00FEAE54 /* Reachability.app */ = {isa = PBXFileReference; explicitFileType = wrapper.application; includeInIndex = 0; path = Reachability.app; sourceTree = BUILT_PRODUCTS_DIR; };
		FE386A711CA77C2C00FEAE54 /* main.m */ = {isa = PBXFileReference; lastKnownFileType = sourcecode.c.objc; path = main.m; sourceTree = "<group>"; };
		FE386A731CA77C2C00FEAE54 /* AppDelegate.h */ = {isa = PBXFileReference; lastKnownFileType = sourcecode.c.h; path = AppDelegate.h; sourceTree = "<group>"; };
		FE386A741CA77C2C00FEAE54 /* AppDelegate.m */ = {isa = PBXFileReference; lastKnownFileType = sourcecode.c.objc; path = AppDelegate.m; sourceTree = "<group>"; };
		FE386A761CA77C2C00FEAE54 /* ViewController.h */ = {isa = PBXFileReference; lastKnownFileType = sourcecode.c.h; path = ViewController.h; sourceTree = "<group>"; };
		FE386A771CA77C2C00FEAE54 /* ViewController.m */ = {isa = PBXFileReference; lastKnownFileType = sourcecode.c.objc; path = ViewController.m; sourceTree = "<group>"; };
		FE386A7A1CA77C2C00FEAE54 /* Base */ = {isa = PBXFileReference; lastKnownFileType = file.storyboard; name = Base; path = Base.lproj/Main.storyboard; sourceTree = "<group>"; };
		FE386A7D1CA77C2C00FEAE54 /* Reachability.xcdatamodel */ = {isa = PBXFileReference; lastKnownFileType = wrapper.xcdatamodel; path = Reachability.xcdatamodel; sourceTree = "<group>"; };
		FE386A7F1CA77C2C00FEAE54 /* Assets.xcassets */ = {isa = PBXFileReference; lastKnownFileType = folder.assetcatalog; path = Assets.xcassets; sourceTree = "<group>"; };
		FE386A821CA77C2C00FEAE54 /* Base */ = {isa = PBXFileReference; lastKnownFileType = file.storyboard; name = Base; path = Base.lproj/LaunchScreen.storyboard; sourceTree = "<group>"; };
		FE386A841CA77C2C00FEAE54 /* Info.plist */ = {isa = PBXFileReference; lastKnownFileType = text.plist.xml; path = Info.plist; sourceTree = "<group>"; };
		FE386A891CA77C2C00FEAE54 /* ReachabilityTests.xctest */ = {isa = PBXFileReference; explicitFileType = wrapper.cfbundle; includeInIndex = 0; path = ReachabilityTests.xctest; sourceTree = BUILT_PRODUCTS_DIR; };
		FE386A8D1CA77C2C00FEAE54 /* ReachabilityTests.m */ = {isa = PBXFileReference; lastKnownFileType = sourcecode.c.objc; path = ReachabilityTests.m; sourceTree = "<group>"; };
		FE386A8F1CA77C2C00FEAE54 /* Info.plist */ = {isa = PBXFileReference; lastKnownFileType = text.plist.xml; path = Info.plist; sourceTree = "<group>"; };
		FE386A941CA77C2C00FEAE54 /* ReachabilityUITests.xctest */ = {isa = PBXFileReference; explicitFileType = wrapper.cfbundle; includeInIndex = 0; path = ReachabilityUITests.xctest; sourceTree = BUILT_PRODUCTS_DIR; };
		FE386A981CA77C2C00FEAE54 /* ReachabilityUITests.m */ = {isa = PBXFileReference; lastKnownFileType = sourcecode.c.objc; path = ReachabilityUITests.m; sourceTree = "<group>"; };
		FE386A9A1CA77C2C00FEAE54 /* Info.plist */ = {isa = PBXFileReference; lastKnownFileType = text.plist.xml; path = Info.plist; sourceTree = "<group>"; };
		FE386AA61CA77C3E00FEAE54 /* Reachability.h */ = {isa = PBXFileReference; fileEncoding = 4; lastKnownFileType = sourcecode.c.h; path = Reachability.h; sourceTree = "<group>"; };
		FE386AA71CA77C3E00FEAE54 /* Reachability.m */ = {isa = PBXFileReference; fileEncoding = 4; lastKnownFileType = sourcecode.c.objc; path = Reachability.m; sourceTree = "<group>"; };
/* End PBXFileReference section */

/* Begin PBXFrameworksBuildPhase section */
		FE386A6A1CA77C2C00FEAE54 /* Frameworks */ = {
			isa = PBXFrameworksBuildPhase;
			buildActionMask = 2147483647;
			files = (
			);
			runOnlyForDeploymentPostprocessing = 0;
		};
		FE386A861CA77C2C00FEAE54 /* Frameworks */ = {
			isa = PBXFrameworksBuildPhase;
			buildActionMask = 2147483647;
			files = (
			);
			runOnlyForDeploymentPostprocessing = 0;
		};
		FE386A911CA77C2C00FEAE54 /* Frameworks */ = {
			isa = PBXFrameworksBuildPhase;
			buildActionMask = 2147483647;
			files = (
			);
			runOnlyForDeploymentPostprocessing = 0;
		};
/* End PBXFrameworksBuildPhase section */

/* Begin PBXGroup section */
		FE386A641CA77C2C00FEAE54 = {
			isa = PBXGroup;
			children = (
				FE386A6F1CA77C2C00FEAE54 /* Reachability */,
				FE386A8C1CA77C2C00FEAE54 /* ReachabilityTests */,
				FE386A971CA77C2C00FEAE54 /* ReachabilityUITests */,
				FE386A6E1CA77C2C00FEAE54 /* Products */,
			);
			sourceTree = "<group>";
		};
		FE386A6E1CA77C2C00FEAE54 /* Products */ = {
			isa = PBXGroup;
			children = (
				FE386A6D1CA77C2C00FEAE54 /* Reachability.app */,
				FE386A891CA77C2C00FEAE54 /* ReachabilityTests.xctest */,
				FE386A941CA77C2C00FEAE54 /* ReachabilityUITests.xctest */,
			);
			name = Products;
			sourceTree = "<group>";
		};
		FE386A6F1CA77C2C00FEAE54 /* Reachability */ = {
			isa = PBXGroup;
			children = (
				FE386A731CA77C2C00FEAE54 /* AppDelegate.h */,
				FE386A741CA77C2C00FEAE54 /* AppDelegate.m */,
				FE386A761CA77C2C00FEAE54 /* ViewController.h */,
				FE386A771CA77C2C00FEAE54 /* ViewController.m */,
				FE386AA61CA77C3E00FEAE54 /* Reachability.h */,
				FE386AA71CA77C3E00FEAE54 /* Reachability.m */,
				FE386A791CA77C2C00FEAE54 /* Main.storyboard */,
				FE386A7F1CA77C2C00FEAE54 /* Assets.xcassets */,
				FE386A811CA77C2C00FEAE54 /* LaunchScreen.storyboard */,
				FE386A841CA77C2C00FEAE54 /* Info.plist */,
				FE386A7C1CA77C2C00FEAE54 /* Reachability.xcdatamodeld */,
				FE386A701CA77C2C00FEAE54 /* Supporting Files */,
			);
			path = Reachability;
			sourceTree = "<group>";
		};
		FE386A701CA77C2C00FEAE54 /* Supporting Files */ = {
			isa = PBXGroup;
			children = (
				FE386A711CA77C2C00FEAE54 /* main.m */,
			);
			name = "Supporting Files";
			sourceTree = "<group>";
		};
		FE386A8C1CA77C2C00FEAE54 /* ReachabilityTests */ = {
			isa = PBXGroup;
			children = (
				FE386A8D1CA77C2C00FEAE54 /* ReachabilityTests.m */,
				FE386A8F1CA77C2C00FEAE54 /* Info.plist */,
			);
			path = ReachabilityTests;
			sourceTree = "<group>";
		};
		FE386A971CA77C2C00FEAE54 /* ReachabilityUITests */ = {
			isa = PBXGroup;
			children = (
				FE386A981CA77C2C00FEAE54 /* ReachabilityUITests.m */,
				FE386A9A1CA77C2C00FEAE54 /* Info.plist */,
			);
			path = ReachabilityUITests;
			sourceTree = "<group>";
		};
/* End PBXGroup section */

/* Begin PBXNativeTarget section */
		FE386A6C1CA77C2C00FEAE54 /* Reachability */ = {
			isa = PBXNativeTarget;
			buildConfigurationList = FE386A9D1CA77C2C00FEAE54 /* Build configuration list for PBXNativeTarget "Reachability" */;
			buildPhases = (
				FE386A691CA77C2C00FEAE54 /* Sources */,
				FE386A6A1CA77C2C00FEAE54 /* Frameworks */,
				FE386A6B1CA77C2C00FEAE54 /* Resources */,
			);
			buildRules = (
			);
			dependencies = (
			);
			name = Reachability;
			productName = Reachability;
			productReference = FE386A6D1CA77C2C00FEAE54 /* Reachability.app */;
			productType = "com.apple.product-type.application";
		};
		FE386A881CA77C2C00FEAE54 /* ReachabilityTests */ = {
			isa = PBXNativeTarget;
			buildConfigurationList = FE386AA01CA77C2C00FEAE54 /* Build configuration list for PBXNativeTarget "ReachabilityTests" */;
			buildPhases = (
				FE386A851CA77C2C00FEAE54 /* Sources */,
				FE386A861CA77C2C00FEAE54 /* Frameworks */,
				FE386A871CA77C2C00FEAE54 /* Resources */,
			);
			buildRules = (
			);
			dependencies = (
				FE386A8B1CA77C2C00FEAE54 /* PBXTargetDependency */,
			);
			name = ReachabilityTests;
			productName = ReachabilityTests;
			productReference = FE386A891CA77C2C00FEAE54 /* ReachabilityTests.xctest */;
			productType = "com.apple.product-type.bundle.unit-test";
		};
		FE386A931CA77C2C00FEAE54 /* ReachabilityUITests */ = {
			isa = PBXNativeTarget;
			buildConfigurationList = FE386AA31CA77C2C00FEAE54 /* Build configuration list for PBXNativeTarget "ReachabilityUITests" */;
			buildPhases = (
				FE386A901CA77C2C00FEAE54 /* Sources */,
				FE386A911CA77C2C00FEAE54 /* Frameworks */,
				FE386A921CA77C2C00FEAE54 /* Resources */,
			);
			buildRules = (
			);
			dependencies = (
				FE386A961CA77C2C00FEAE54 /* PBXTargetDependency */,
			);
			name = ReachabilityUITests;
			productName = ReachabilityUITests;
			productReference = FE386A941CA77C2C00FEAE54 /* ReachabilityUITests.xctest */;
			productType = "com.apple.product-type.bundle.ui-testing";
		};
/* End PBXNativeTarget section */

/* Begin PBXProject section */
		FE386A651CA77C2C00FEAE54 /* Project object */ = {
			isa = PBXProject;
			attributes = {
				LastUpgradeCheck = 0720;
				ORGANIZATIONNAME = "Larry（Lawrence）";
				TargetAttributes = {
					FE386A6C1CA77C2C00FEAE54 = {
						CreatedOnToolsVersion = 7.2.1;
					};
					FE386A881CA77C2C00FEAE54 = {
						CreatedOnToolsVersion = 7.2.1;
						TestTargetID = FE386A6C1CA77C2C00FEAE54;
					};
					FE386A931CA77C2C00FEAE54 = {
						CreatedOnToolsVersion = 7.2.1;
						TestTargetID = FE386A6C1CA77C2C00FEAE54;
					};
				};
			};
			buildConfigurationList = FE386A681CA77C2C00FEAE54 /* Build configuration list for PBXProject "Reachability" */;
			compatibilityVersion = "Xcode 3.2";
			developmentRegion = English;
			hasScannedForEncodings = 0;
			knownRegions = (
				en,
				Base,
			);
			mainGroup = FE386A641CA77C2C00FEAE54;
			productRefGroup = FE386A6E1CA77C2C00FEAE54 /* Products */;
			projectDirPath = "";
			projectRoot = "";
			targets = (
				FE386A6C1CA77C2C00FEAE54 /* Reachability */,
				FE386A881CA77C2C00FEAE54 /* ReachabilityTests */,
				FE386A931CA77C2C00FEAE54 /* ReachabilityUITests */,
			);
		};
/* End PBXProject section */

/* Begin PBXResourcesBuildPhase section */
		FE386A6B1CA77C2C00FEAE54 /* Resources */ = {
			isa = PBXResourcesBuildPhase;
			buildActionMask = 2147483647;
			files = (
				FE386A831CA77C2C00FEAE54 /* LaunchScreen.storyboard in Resources */,
				FE386A801CA77C2C00FEAE54 /* Assets.xcassets in Resources */,
				FE386A7B1CA77C2C00FEAE54 /* Main.storyboard in Resources */,
			);
			runOnlyForDeploymentPostprocessing = 0;
		};
		FE386A871CA77C2C00FEAE54 /* Resources */ = {
			isa = PBXResourcesBuildPhase;
			buildActionMask = 2147483647;
			files = (
			);
			runOnlyForDeploymentPostprocessing = 0;
		};
		FE386A921CA77C2C00FEAE54 /* Resources */ = {
			isa = PBXResourcesBuildPhase;
			buildActionMask = 2147483647;
			files = (
			);
			runOnlyForDeploymentPostprocessing = 0;
		};
/* End PBXResourcesBuildPhase section */

/* Begin PBXSourcesBuildPhase section */
		FE386A691CA77C2C00FEAE54 /* Sources */ = {
			isa = PBXSourcesBuildPhase;
			buildActionMask = 2147483647;
			files = (
				FE386A781CA77C2C00FEAE54 /* ViewController.m in Sources */,
				FE386A751CA77C2C00FEAE54 /* AppDelegate.m in Sources */,
				FE386A7E1CA77C2C00FEAE54 /* Reachability.xcdatamodeld in Sources */,
				FE386A721CA77C2C00FEAE54 /* main.m in Sources */,
				FE386AA81CA77C3E00FEAE54 /* Reachability.m in Sources */,
			);
			runOnlyForDeploymentPostprocessing = 0;
		};
		FE386A851CA77C2C00FEAE54 /* Sources */ = {
			isa = PBXSourcesBuildPhase;
			buildActionMask = 2147483647;
			files = (
				FE386A8E1CA77C2C00FEAE54 /* ReachabilityTests.m in Sources */,
			);
			runOnlyForDeploymentPostprocessing = 0;
		};
		FE386A901CA77C2C00FEAE54 /* Sources */ = {
			isa = PBXSourcesBuildPhase;
			buildActionMask = 2147483647;
			files = (
				FE386A991CA77C2C00FEAE54 /* ReachabilityUITests.m in Sources */,
			);
			runOnlyForDeploymentPostprocessing = 0;
		};
/* End PBXSourcesBuildPhase section */

/* Begin PBXTargetDependency section */
		FE386A8B1CA77C2C00FEAE54 /* PBXTargetDependency */ = {
			isa = PBXTargetDependency;
			target = FE386A6C1CA77C2C00FEAE54 /* Reachability */;
			targetProxy = FE386A8A1CA77C2C00FEAE54 /* PBXContainerItemProxy */;
		};
		FE386A961CA77C2C00FEAE54 /* PBXTargetDependency */ = {
			isa = PBXTargetDependency;
			target = FE386A6C1CA77C2C00FEAE54 /* Reachability */;
			targetProxy = FE386A951CA77C2C00FEAE54 /* PBXContainerItemProxy */;
		};
/* End PBXTargetDependency section */

/* Begin PBXVariantGroup section */
		FE386A791CA77C2C00FEAE54 /* Main.storyboard */ = {
			isa = PBXVariantGroup;
			children = (
				FE386A7A1CA77C2C00FEAE54 /* Base */,
			);
			name = Main.storyboard;
			sourceTree = "<group>";
		};
		FE386A811CA77C2C00FEAE54 /* LaunchScreen.storyboard */ = {
			isa = PBXVariantGroup;
			children = (
				FE386A821CA77C2C00FEAE54 /* Base */,
			);
			name = LaunchScreen.storyboard;
			sourceTree = "<group>";
		};
/* End PBXVariantGroup section */

/* Begin XCBuildConfiguration section */
		FE386A9B1CA77C2C00FEAE54 /* Debug */ = {
			isa = XCBuildConfiguration;
			buildSettings = {
				ALWAYS_SEARCH_USER_PATHS = NO;
				CLANG_CXX_LANGUAGE_STANDARD = "gnu++0x";
				CLANG_CXX_LIBRARY = "libc++";
				CLANG_ENABLE_MODULES = YES;
				CLANG_ENABLE_OBJC_ARC = YES;
				CLANG_WARN_BOOL_CONVERSION = YES;
				CLANG_WARN_CONSTANT_CONVERSION = YES;
				CLANG_WARN_DIRECT_OBJC_ISA_USAGE = YES_ERROR;
				CLANG_WARN_EMPTY_BODY = YES;
				CLANG_WARN_ENUM_CONVERSION = YES;
				CLANG_WARN_INT_CONVERSION = YES;
				CLANG_WARN_OBJC_ROOT_CLASS = YES_ERROR;
				CLANG_WARN_UNREACHABLE_CODE = YES;
				CLANG_WARN__DUPLICATE_METHOD_MATCH = YES;
				"CODE_SIGN_IDENTITY[sdk=iphoneos*]" = "iPhone Developer";
				COPY_PHASE_STRIP = NO;
				DEBUG_INFORMATION_FORMAT = dwarf;
				ENABLE_STRICT_OBJC_MSGSEND = YES;
				ENABLE_TESTABILITY = YES;
				GCC_C_LANGUAGE_STANDARD = gnu99;
				GCC_DYNAMIC_NO_PIC = NO;
				GCC_NO_COMMON_BLOCKS = YES;
				GCC_OPTIMIZATION_LEVEL = 0;
				GCC_PREPROCESSOR_DEFINITIONS = (
					"DEBUG=1",
					"$(inherited)",
				);
				GCC_WARN_64_TO_32_BIT_CONVERSION = YES;
				GCC_WARN_ABOUT_RETURN_TYPE = YES_ERROR;
				GCC_WARN_UNDECLARED_SELECTOR = YES;
				GCC_WARN_UNINITIALIZED_AUTOS = YES_AGGRESSIVE;
				GCC_WARN_UNUSED_FUNCTION = YES;
				GCC_WARN_UNUSED_VARIABLE = YES;
				IPHONEOS_DEPLOYMENT_TARGET = 9.2;
				MTL_ENABLE_DEBUG_INFO = YES;
				ONLY_ACTIVE_ARCH = YES;
				SDKROOT = iphoneos;
			};
			name = Debug;
		};
		FE386A9C1CA77C2C00FEAE54 /* Release */ = {
			isa = XCBuildConfiguration;
			buildSettings = {
				ALWAYS_SEARCH_USER_PATHS = NO;
				CLANG_CXX_LANGUAGE_STANDARD = "gnu++0x";
				CLANG_CXX_LIBRARY = "libc++";
				CLANG_ENABLE_MODULES = YES;
				CLANG_ENABLE_OBJC_ARC = YES;
				CLANG_WARN_BOOL_CONVERSION = YES;
				CLANG_WARN_CONSTANT_CONVERSION = YES;
				CLANG_WARN_DIRECT_OBJC_ISA_USAGE = YES_ERROR;
				CLANG_WARN_EMPTY_BODY = YES;
				CLANG_WARN_ENUM_CONVERSION = YES;
				CLANG_WARN_INT_CONVERSION = YES;
				CLANG_WARN_OBJC_ROOT_CLASS = YES_ERROR;
				CLANG_WARN_UNREACHABLE_CODE = YES;
				CLANG_WARN__DUPLICATE_METHOD_MATCH = YES;
				"CODE_SIGN_IDENTITY[sdk=iphoneos*]" = "iPhone Developer";
				COPY_PHASE_STRIP = NO;
				DEBUG_INFORMATION_FORMAT = "dwarf-with-dsym";
				ENABLE_NS_ASSERTIONS = NO;
				ENABLE_STRICT_OBJC_MSGSEND = YES;
				GCC_C_LANGUAGE_STANDARD = gnu99;
				GCC_NO_COMMON_BLOCKS = YES;
				GCC_WARN_64_TO_32_BIT_CONVERSION = YES;
				GCC_WARN_ABOUT_RETURN_TYPE = YES_ERROR;
				GCC_WARN_UNDECLARED_SELECTOR = YES;
				GCC_WARN_UNINITIALIZED_AUTOS = YES_AGGRESSIVE;
				GCC_WARN_UNUSED_FUNCTION = YES;
				GCC_WARN_UNUSED_VARIABLE = YES;
				IPHONEOS_DEPLOYMENT_TARGET = 9.2;
				MTL_ENABLE_DEBUG_INFO = NO;
				SDKROOT = iphoneos;
				VALIDATE_PRODUCT = YES;
			};
			name = Release;
		};
		FE386A9E1CA77C2C00FEAE54 /* Debug */ = {
			isa = XCBuildConfiguration;
			buildSettings = {
				ASSETCATALOG_COMPILER_APPICON_NAME = AppIcon;
				INFOPLIST_FILE = Reachability/Info.plist;
				LD_RUNPATH_SEARCH_PATHS = "$(inherited) @executable_path/Frameworks";
				PRODUCT_BUNDLE_IDENTIFIER = Larry.Reachability;
				PRODUCT_NAME = "$(TARGET_NAME)";
			};
			name = Debug;
		};
		FE386A9F1CA77C2C00FEAE54 /* Release */ = {
			isa = XCBuildConfiguration;
			buildSettings = {
				ASSETCATALOG_COMPILER_APPICON_NAME = AppIcon;
				INFOPLIST_FILE = Reachability/Info.plist;
				LD_RUNPATH_SEARCH_PATHS = "$(inherited) @executable_path/Frameworks";
				PRODUCT_BUNDLE_IDENTIFIER = Larry.Reachability;
				PRODUCT_NAME = "$(TARGET_NAME)";
			};
			name = Release;
		};
		FE386AA11CA77C2C00FEAE54 /* Debug */ = {
			isa = XCBuildConfiguration;
			buildSettings = {
				BUNDLE_LOADER = "$(TEST_HOST)";
				INFOPLIST_FILE = ReachabilityTests/Info.plist;
				LD_RUNPATH_SEARCH_PATHS = "$(inherited) @executable_path/Frameworks @loader_path/Frameworks";
				PRODUCT_BUNDLE_IDENTIFIER = Larry.ReachabilityTests;
				PRODUCT_NAME = "$(TARGET_NAME)";
				TEST_HOST = "$(BUILT_PRODUCTS_DIR)/Reachability.app/Reachability";
			};
			name = Debug;
		};
		FE386AA21CA77C2C00FEAE54 /* Release */ = {
			isa = XCBuildConfiguration;
			buildSettings = {
				BUNDLE_LOADER = "$(TEST_HOST)";
				INFOPLIST_FILE = ReachabilityTests/Info.plist;
				LD_RUNPATH_SEARCH_PATHS = "$(inherited) @executable_path/Frameworks @loader_path/Frameworks";
				PRODUCT_BUNDLE_IDENTIFIER = Larry.ReachabilityTests;
				PRODUCT_NAME = "$(TARGET_NAME)";
				TEST_HOST = "$(BUILT_PRODUCTS_DIR)/Reachability.app/Reachability";
			};
			name = Release;
		};
		FE386AA41CA77C2C00FEAE54 /* Debug */ = {
			isa = XCBuildConfiguration;
			buildSettings = {
				INFOPLIST_FILE = ReachabilityUITests/Info.plist;
				LD_RUNPATH_SEARCH_PATHS = "$(inherited) @executable_path/Frameworks @loader_path/Frameworks";
				PRODUCT_BUNDLE_IDENTIFIER = Larry.ReachabilityUITests;
				PRODUCT_NAME = "$(TARGET_NAME)";
				TEST_TARGET_NAME = Reachability;
				USES_XCTRUNNER = YES;
			};
			name = Debug;
		};
		FE386AA51CA77C2C00FEAE54 /* Release */ = {
			isa = XCBuildConfiguration;
			buildSettings = {
				INFOPLIST_FILE = ReachabilityUITests/Info.plist;
				LD_RUNPATH_SEARCH_PATHS = "$(inherited) @executable_path/Frameworks @loader_path/Frameworks";
				PRODUCT_BUNDLE_IDENTIFIER = Larry.ReachabilityUITests;
				PRODUCT_NAME = "$(TARGET_NAME)";
				TEST_TARGET_NAME = Reachability;
				USES_XCTRUNNER = YES;
			};
			name = Release;
		};
/* End XCBuildConfiguration section */

/* Begin XCConfigurationList section */
		FE386A681CA77C2C00FEAE54 /* Build configuration list for PBXProject "Reachability" */ = {
			isa = XCConfigurationList;
			buildConfigurations = (
				FE386A9B1CA77C2C00FEAE54 /* Debug */,
				FE386A9C1CA77C2C00FEAE54 /* Release */,
			);
			defaultConfigurationIsVisible = 0;
			defaultConfigurationName = Release;
		};
		FE386A9D1CA77C2C00FEAE54 /* Build configuration list for PBXNativeTarget "Reachability" */ = {
			isa = XCConfigurationList;
			buildConfigurations = (
				FE386A9E1CA77C2C00FEAE54 /* Debug */,
				FE386A9F1CA77C2C00FEAE54 /* Release */,
			);
			defaultConfigurationIsVisible = 0;
		};
		FE386AA01CA77C2C00FEAE54 /* Build configuration list for PBXNativeTarget "ReachabilityTests" */ = {
			isa = XCConfigurationList;
			buildConfigurations = (
				FE386AA11CA77C2C00FEAE54 /* Debug */,
				FE386AA21CA77C2C00FEAE54 /* Release */,
			);
			defaultConfigurationIsVisible = 0;
		};
		FE386AA31CA77C2C00FEAE54 /* Build configuration list for PBXNativeTarget "ReachabilityUITests" */ = {
			isa = XCConfigurationList;
			buildConfigurations = (
				FE386AA41CA77C2C00FEAE54 /* Debug */,
				FE386AA51CA77C2C00FEAE54 /* Release */,
			);
			defaultConfigurationIsVisible = 0;
		};
/* End XCConfigurationList section */

/* Begin XCVersionGroup section */
		FE386A7C1CA77C2C00FEAE54 /* Reachability.xcdatamodeld */ = {
			isa = XCVersionGroup;
			children = (
				FE386A7D1CA77C2C00FEAE54 /* Reachability.xcdatamodel */,
			);
			currentVersion = FE386A7D1CA77C2C00FEAE54 /* Reachability.xcdatamodel */;
			path = Reachability.xcdatamodeld;
			sourceTree = "<group>";
			versionGroupType = wrapper.xcdatamodel;
		};
/* End XCVersionGroup section */
	};
	rootObject = FE386A651CA77C2C00FEAE54 /* Project object */;
}
